
Microsoft Visual Studio Solution File, Format Version 12.00
# Visual Studio Version 16
VisualStudioVersion = 16.0.28803.452
MinimumVisualStudioVersion = 10.0.40219.1
Project("{2150E333-8FDC-42A3-9474-1A3956D46DE8}") = "Solution Items", "Solution Items", "{9626219C-1C8E-4410-B1C3-39879F0F74C1}"
	ProjectSection(SolutionItems) = preProject
		build.sh = build.sh
		LICENSE = LICENSE
		README.md = README.md
	EndProjectSection
EndProject
Project("{9A19103F-16F7-4668-BE54-9A1E7A4F7556}") = "XPY.ToolKit.Utilities", "XPY.ToolKit.Utilities\XPY.ToolKit.Utilities.csproj", "{AB2D6737-6EEF-4685-9E3B-4FF80CBAE91E}"
EndProject
Project("{9A19103F-16F7-4668-BE54-9A1E7A4F7556}") = "XPY.ToolKit.Utilities.Test", "XPY.ToolKit.Utilities.Test\XPY.ToolKit.Utilities.Test.csproj", "{51F148DA-CA7A-40B7-B31B-A330A8BC675E}"
EndProject
Project("{9A19103F-16F7-4668-BE54-9A1E7A4F7556}") = "XPY.ToolKit.Linq", "XPY.ToolKit.Linq\XPY.ToolKit.Linq.csproj", "{DDFAB9CF-B697-4419-8AD5-F3179ADC12ED}"
EndProject
Project("{9A19103F-16F7-4668-BE54-9A1E7A4F7556}") = "XPY.ToolKit.Linq.Test", "XPY.ToolKit.Linq.Test\XPY.ToolKit.Linq.Test.csproj", "{6D09C7F8-7657-4F67-8CC0-BC853770A269}"
EndProject
Project("{9A19103F-16F7-4668-BE54-9A1E7A4F7556}") = "XPY.ToolKit.Base58", "XPY.ToolKit.Base58\XPY.ToolKit.Base58.csproj", "{7A3EFEF9-65E5-406D-AE95-41714AA7BBD3}"
EndProject
Project("{9A19103F-16F7-4668-BE54-9A1E7A4F7556}") = "XPY.ToolKit.Base58.Test", "XPY.ToolKit.Base58.Test\XPY.ToolKit.Base58.Test.csproj", "{B428D683-EA65-4A92-BA16-3F1C4156D4C4}"
EndProject
Project("{FAE04EC0-301F-11D3-BF4B-00C04F79EFBC}") = "XPY.ToolKit.AspNetCore.Mvc", "XPY.ToolKit.AspNetCore.Mvc\XPY.ToolKit.AspNetCore.Mvc.csproj", "{2C53DB7D-A7EE-4338-A177-497DA92092B7}"
EndProject
Global
	GlobalSection(SolutionConfigurationPlatforms) = preSolution
		Debug|Any CPU = Debug|Any CPU
		Release|Any CPU = Release|Any CPU
	EndGlobalSection
	GlobalSection(ProjectConfigurationPlatforms) = postSolution
		{AB2D6737-6EEF-4685-9E3B-4FF80CBAE91E}.Debug|Any CPU.ActiveCfg = Debug|Any CPU
		{AB2D6737-6EEF-4685-9E3B-4FF80CBAE91E}.Debug|Any CPU.Build.0 = Debug|Any CPU
		{AB2D6737-6EEF-4685-9E3B-4FF80CBAE91E}.Release|Any CPU.ActiveCfg = Release|Any CPU
		{AB2D6737-6EEF-4685-9E3B-4FF80CBAE91E}.Release|Any CPU.Build.0 = Release|Any CPU
		{51F148DA-CA7A-40B7-B31B-A330A8BC675E}.Debug|Any CPU.ActiveCfg = Debug|Any CPU
		{51F148DA-CA7A-40B7-B31B-A330A8BC675E}.Debug|Any CPU.Build.0 = Debug|Any CPU
		{51F148DA-CA7A-40B7-B31B-A330A8BC675E}.Release|Any CPU.ActiveCfg = Release|Any CPU
		{51F148DA-CA7A-40B7-B31B-A330A8BC675E}.Release|Any CPU.Build.0 = Release|Any CPU
		{DDFAB9CF-B697-4419-8AD5-F3179ADC12ED}.Debug|Any CPU.ActiveCfg = Debug|Any CPU
		{DDFAB9CF-B697-4419-8AD5-F3179ADC12ED}.Debug|Any CPU.Build.0 = Debug|Any CPU
		{DDFAB9CF-B697-4419-8AD5-F3179ADC12ED}.Release|Any CPU.ActiveCfg = Release|Any CPU
		{DDFAB9CF-B697-4419-8AD5-F3179ADC12ED}.Release|Any CPU.Build.0 = Release|Any CPU
		{6D09C7F8-7657-4F67-8CC0-BC853770A269}.Debug|Any CPU.ActiveCfg = Debug|Any CPU
		{6D09C7F8-7657-4F67-8CC0-BC853770A269}.Debug|Any CPU.Build.0 = Debug|Any CPU
		{6D09C7F8-7657-4F67-8CC0-BC853770A269}.Release|Any CPU.ActiveCfg = Release|Any CPU
		{6D09C7F8-7657-4F67-8CC0-BC853770A269}.Release|Any CPU.Build.0 = Release|Any CPU
		{7A3EFEF9-65E5-406D-AE95-41714AA7BBD3}.Debug|Any CPU.ActiveCfg = Debug|Any CPU
		{7A3EFEF9-65E5-406D-AE95-41714AA7BBD3}.Debug|Any CPU.Build.0 = Debug|Any CPU
		{7A3EFEF9-65E5-406D-AE95-41714AA7BBD3}.Release|Any CPU.ActiveCfg = Release|Any CPU
		{7A3EFEF9-65E5-406D-AE95-41714AA7BBD3}.Release|Any CPU.Build.0 = Release|Any CPU
		{B428D683-EA65-4A92-BA16-3F1C4156D4C4}.Debug|Any CPU.ActiveCfg = Debug|Any CPU
		{B428D683-EA65-4A92-BA16-3F1C4156D4C4}.Debug|Any CPU.Build.0 = Debug|Any CPU
		{B428D683-EA65-4A92-BA16-3F1C4156D4C4}.Release|Any CPU.ActiveCfg = Release|Any CPU
		{B428D683-EA65-4A92-BA16-3F1C4156D4C4}.Release|Any CPU.Build.0 = Release|Any CPU
		{2C53DB7D-A7EE-4338-A177-497DA92092B7}.Debug|Any CPU.ActiveCfg = Debug|Any CPU
		{2C53DB7D-A7EE-4338-A177-497DA92092B7}.Debug|Any CPU.Build.0 = Debug|Any CPU
		{2C53DB7D-A7EE-4338-A177-497DA92092B7}.Release|Any CPU.ActiveCfg = Release|Any CPU
		{2C53DB7D-A7EE-4338-A177-497DA92092B7}.Release|Any CPU.Build.0 = Release|Any CPU
	EndGlobalSection
	GlobalSection(SolutionProperties) = preSolution
		HideSolutionNode = FALSE
	EndGlobalSection
	GlobalSection(ExtensibilityGlobals) = postSolution
		SolutionGuid = {85C39CF6-1C1D-41D9-819E-DB44D7C2B63B}
	EndGlobalSection
EndGlobal
